// !$*UTF8*$!
{
	archiveVersion = 1;
	classes = {
	};
	objectVersion = 52;
	objects = {

/* Begin PBXBuildFile section */
		4831FBE02683B46900D6C6F8 /* Log.swift in Sources */ = {isa = PBXBuildFile; fileRef = 4831FBDF2683B46900D6C6F8 /* Log.swift */; };
		48462E272681EC18006DB779 /* InputSourceModel.swift in Sources */ = {isa = PBXBuildFile; fileRef = 48462E262681EC18006DB779 /* InputSourceModel.swift */; };
		48462E292681F296006DB779 /* InputSource.swift in Sources */ = {isa = PBXBuildFile; fileRef = 48462E282681F296006DB779 /* InputSource.swift */; };
		48462E2E2681F871006DB779 /* KeyboardShortcuts in Frameworks */ = {isa = PBXBuildFile; productRef = 48462E2D2681F871006DB779 /* KeyboardShortcuts */; };
		4880B5372683819300D53186 /* Shortcuts.swift in Sources */ = {isa = PBXBuildFile; fileRef = 4880B5362683819300D53186 /* Shortcuts.swift */; };
		4880B53A26838FC800D53186 /* Applesripts.swift in Sources */ = {isa = PBXBuildFile; fileRef = 4880B53926838FC800D53186 /* Applesripts.swift */; };
		48860FC826845485002A5487 /* UserDefaults+.swift in Sources */ = {isa = PBXBuildFile; fileRef = 48860FC726845485002A5487 /* UserDefaults+.swift */; };
		48CE6B692682611D00B1A186 /* AboutView.swift in Sources */ = {isa = PBXBuildFile; fileRef = 48CE6B682682611D00B1A186 /* AboutView.swift */; };
		48DA10482681781500A3D537 /* App.swift in Sources */ = {isa = PBXBuildFile; fileRef = 48DA10472681781500A3D537 /* App.swift */; };
		48DA104A2681781500A3D537 /* ContentView.swift in Sources */ = {isa = PBXBuildFile; fileRef = 48DA10492681781500A3D537 /* ContentView.swift */; };
		48DA104C2681781700A3D537 /* Assets.xcassets in Resources */ = {isa = PBXBuildFile; fileRef = 48DA104B2681781700A3D537 /* Assets.xcassets */; };
		48DA104F2681781700A3D537 /* Preview Assets.xcassets in Resources */ = {isa = PBXBuildFile; fileRef = 48DA104E2681781700A3D537 /* Preview Assets.xcassets */; };
		48DA10602681B26E00A3D537 /* InputSources.swift in Sources */ = {isa = PBXBuildFile; fileRef = 48DA105F2681B26E00A3D537 /* InputSources.swift */; };
/* End PBXBuildFile section */

/* Begin PBXFileReference section */
		4831FBDE2683AA0700D6C6F8 /* LICENSE */ = {isa = PBXFileReference; lastKnownFileType = text; path = LICENSE; sourceTree = SOURCE_ROOT; };
		4831FBDF2683B46900D6C6F8 /* Log.swift */ = {isa = PBXFileReference; lastKnownFileType = sourcecode.swift; path = Log.swift; sourceTree = "<group>"; };
		48462E262681EC18006DB779 /* InputSourceModel.swift */ = {isa = PBXFileReference; lastKnownFileType = sourcecode.swift; path = InputSourceModel.swift; sourceTree = "<group>"; };
		48462E282681F296006DB779 /* InputSource.swift */ = {isa = PBXFileReference; lastKnownFileType = sourcecode.swift; path = InputSource.swift; sourceTree = "<group>"; };
		4880B5362683819300D53186 /* Shortcuts.swift */ = {isa = PBXFileReference; lastKnownFileType = sourcecode.swift; path = Shortcuts.swift; sourceTree = "<group>"; };
		4880B53826838A0F00D53186 /* DEVELOP.md */ = {isa = PBXFileReference; lastKnownFileType = net.daringfireball.markdown; path = DEVELOP.md; sourceTree = "<group>"; };
		4880B53926838FC800D53186 /* Applesripts.swift */ = {isa = PBXFileReference; lastKnownFileType = sourcecode.swift; path = Applesripts.swift; sourceTree = "<group>"; };
		48860FC726845485002A5487 /* UserDefaults+.swift */ = {isa = PBXFileReference; lastKnownFileType = sourcecode.swift; path = "UserDefaults+.swift"; sourceTree = "<group>"; };
		48CE6B682682611D00B1A186 /* AboutView.swift */ = {isa = PBXFileReference; lastKnownFileType = sourcecode.swift; path = AboutView.swift; sourceTree = "<group>"; };
		48DA10442681781500A3D537 /* Source Switcher.app */ = {isa = PBXFileReference; explicitFileType = wrapper.application; includeInIndex = 0; path = "Source Switcher.app"; sourceTree = BUILT_PRODUCTS_DIR; };
		48DA10472681781500A3D537 /* App.swift */ = {isa = PBXFileReference; lastKnownFileType = sourcecode.swift; path = App.swift; sourceTree = "<group>"; };
		48DA10492681781500A3D537 /* ContentView.swift */ = {isa = PBXFileReference; lastKnownFileType = sourcecode.swift; path = ContentView.swift; sourceTree = "<group>"; };
		48DA104B2681781700A3D537 /* Assets.xcassets */ = {isa = PBXFileReference; lastKnownFileType = folder.assetcatalog; path = Assets.xcassets; sourceTree = "<group>"; };
		48DA104E2681781700A3D537 /* Preview Assets.xcassets */ = {isa = PBXFileReference; lastKnownFileType = folder.assetcatalog; path = "Preview Assets.xcassets"; sourceTree = "<group>"; };
		48DA10502681781700A3D537 /* Info.plist */ = {isa = PBXFileReference; lastKnownFileType = text.plist.xml; path = Info.plist; sourceTree = "<group>"; };
		48DA10512681781700A3D537 /* InputSourceSwitcher.entitlements */ = {isa = PBXFileReference; lastKnownFileType = text.plist.entitlements; path = InputSourceSwitcher.entitlements; sourceTree = "<group>"; };
		48DA10592681925400A3D537 /* README.md */ = {isa = PBXFileReference; lastKnownFileType = net.daringfireball.markdown; path = README.md; sourceTree = "<group>"; };
		48DA105A26819DAF00A3D537 /* TODO.md */ = {isa = PBXFileReference; lastKnownFileType = net.daringfireball.markdown; path = TODO.md; sourceTree = "<group>"; };
		48DA105F2681B26E00A3D537 /* InputSources.swift */ = {isa = PBXFileReference; lastKnownFileType = sourcecode.swift; path = InputSources.swift; sourceTree = "<group>"; };
/* End PBXFileReference section */

/* Begin PBXFrameworksBuildPhase section */
		48DA10412681781500A3D537 /* Frameworks */ = {
			isa = PBXFrameworksBuildPhase;
			buildActionMask = 2147483647;
			files = (
				48462E2E2681F871006DB779 /* KeyboardShortcuts in Frameworks */,
			);
			runOnlyForDeploymentPostprocessing = 0;
		};
/* End PBXFrameworksBuildPhase section */

/* Begin PBXGroup section */
		48462E312681F9AD006DB779 /* Docs */ = {
			isa = PBXGroup;
			children = (
				48DA105A26819DAF00A3D537 /* TODO.md */,
				4880B53826838A0F00D53186 /* DEVELOP.md */,
			);
			path = Docs;
			sourceTree = "<group>";
		};
		48462E352682193C006DB779 /* App */ = {
			isa = PBXGroup;
			children = (
				48DA10472681781500A3D537 /* App.swift */,
				48DA10492681781500A3D537 /* ContentView.swift */,
				48CE6B682682611D00B1A186 /* AboutView.swift */,
			);
			path = App;
			sourceTree = "<group>";
		};
		4858851926839730000D36BF /* macOS */ = {
			isa = PBXGroup;
			children = (
				48DA10512681781700A3D537 /* InputSourceSwitcher.entitlements */,
				48DA10502681781700A3D537 /* Info.plist */,
			);
			path = macOS;
			sourceTree = "<group>";
		};
		4858851A268398F7000D36BF /* Other */ = {
			isa = PBXGroup;
			children = (
				4880B5362683819300D53186 /* Shortcuts.swift */,
				4831FBDF2683B46900D6C6F8 /* Log.swift */,
				48860FC726845485002A5487 /* UserDefaults+.swift */,
			);
			path = Other;
			sourceTree = "<group>";
		};
		4880B53B26838FD700D53186 /* Applescript */ = {
			isa = PBXGroup;
			children = (
				4880B53926838FC800D53186 /* Applesripts.swift */,
			);
			path = Applescript;
			sourceTree = "<group>";
		};
		48DA103B2681781500A3D537 = {
			isa = PBXGroup;
			children = (
				48DA10462681781500A3D537 /* InputSourceSwitcher */,
				4831FBDE2683AA0700D6C6F8 /* LICENSE */,
				48DA10592681925400A3D537 /* README.md */,
				48DA10452681781500A3D537 /* Products */,
			);
			sourceTree = "<group>";
		};
		48DA10452681781500A3D537 /* Products */ = {
			isa = PBXGroup;
			children = (
				48DA10442681781500A3D537 /* Source Switcher.app */,
			);
			name = Products;
			sourceTree = "<group>";
		};
		48DA10462681781500A3D537 /* InputSourceSwitcher */ = {
			isa = PBXGroup;
			children = (
				48DA10612681B27500A3D537 /* DataStructure */,
				48DA10642681B66100A3D537 /* ViewModel */,
				48462E352682193C006DB779 /* App */,
				4880B53B26838FD700D53186 /* Applescript */,
				4858851A268398F7000D36BF /* Other */,
				48462E312681F9AD006DB779 /* Docs */,
				4858851926839730000D36BF /* macOS */,
				48DA104B2681781700A3D537 /* Assets.xcassets */,
				48DA104D2681781700A3D537 /* Preview Content */,
			);
			path = InputSourceSwitcher;
			sourceTree = "<group>";
		};
		48DA104D2681781700A3D537 /* Preview Content */ = {
			isa = PBXGroup;
			children = (
				48DA104E2681781700A3D537 /* Preview Assets.xcassets */,
			);
			path = "Preview Content";
			sourceTree = "<group>";
		};
		48DA10612681B27500A3D537 /* DataStructure */ = {
			isa = PBXGroup;
			children = (
				48462E282681F296006DB779 /* InputSource.swift */,
				48DA105F2681B26E00A3D537 /* InputSources.swift */,
			);
			path = DataStructure;
			sourceTree = "<group>";
		};
		48DA10642681B66100A3D537 /* ViewModel */ = {
			isa = PBXGroup;
			children = (
				48462E262681EC18006DB779 /* InputSourceModel.swift */,
			);
			path = ViewModel;
			sourceTree = "<group>";
		};
/* End PBXGroup section */

/* Begin PBXNativeTarget section */
		48DA10432681781500A3D537 /* Source Switcher */ = {
			isa = PBXNativeTarget;
			buildConfigurationList = 48DA10542681781700A3D537 /* Build configuration list for PBXNativeTarget "Source Switcher" */;
			buildPhases = (
				48DA10402681781500A3D537 /* Sources */,
				48DA10412681781500A3D537 /* Frameworks */,
				48DA10422681781500A3D537 /* Resources */,
			);
			buildRules = (
			);
			dependencies = (
			);
			name = "Source Switcher";
			packageProductDependencies = (
				48462E2D2681F871006DB779 /* KeyboardShortcuts */,
			);
			productName = InputSourceSwitcher;
			productReference = 48DA10442681781500A3D537 /* Source Switcher.app */;
			productType = "com.apple.product-type.application";
		};
/* End PBXNativeTarget section */

/* Begin PBXProject section */
		48DA103C2681781500A3D537 /* Project object */ = {
			isa = PBXProject;
			attributes = {
				LastSwiftUpdateCheck = 1250;
				LastUpgradeCheck = 1250;
				TargetAttributes = {
					48DA10432681781500A3D537 = {
						CreatedOnToolsVersion = 12.5;
					};
				};
			};
			buildConfigurationList = 48DA103F2681781500A3D537 /* Build configuration list for PBXProject "InputSourceSwitcher" */;
			compatibilityVersion = "Xcode 9.3";
			developmentRegion = en;
			hasScannedForEncodings = 0;
			knownRegions = (
				en,
				Base,
			);
			mainGroup = 48DA103B2681781500A3D537;
			packageReferences = (
				48462E2C2681F871006DB779 /* XCRemoteSwiftPackageReference "KeyboardShortcuts" */,
			);
			productRefGroup = 48DA10452681781500A3D537 /* Products */;
			projectDirPath = "";
			projectRoot = "";
			targets = (
				48DA10432681781500A3D537 /* Source Switcher */,
			);
		};
/* End PBXProject section */

/* Begin PBXResourcesBuildPhase section */
		48DA10422681781500A3D537 /* Resources */ = {
			isa = PBXResourcesBuildPhase;
			buildActionMask = 2147483647;
			files = (
				48DA104F2681781700A3D537 /* Preview Assets.xcassets in Resources */,
				48DA104C2681781700A3D537 /* Assets.xcassets in Resources */,
			);
			runOnlyForDeploymentPostprocessing = 0;
		};
/* End PBXResourcesBuildPhase section */

/* Begin PBXSourcesBuildPhase section */
		48DA10402681781500A3D537 /* Sources */ = {
			isa = PBXSourcesBuildPhase;
			buildActionMask = 2147483647;
			files = (
				48462E292681F296006DB779 /* InputSource.swift in Sources */,
				48DA10602681B26E00A3D537 /* InputSources.swift in Sources */,
				48860FC826845485002A5487 /* UserDefaults+.swift in Sources */,
				4831FBE02683B46900D6C6F8 /* Log.swift in Sources */,
				48DA104A2681781500A3D537 /* ContentView.swift in Sources */,
				4880B53A26838FC800D53186 /* Applesripts.swift in Sources */,
				4880B5372683819300D53186 /* Shortcuts.swift in Sources */,
				48462E272681EC18006DB779 /* InputSourceModel.swift in Sources */,
				48CE6B692682611D00B1A186 /* AboutView.swift in Sources */,
				48DA10482681781500A3D537 /* App.swift in Sources */,
			);
			runOnlyForDeploymentPostprocessing = 0;
		};
/* End PBXSourcesBuildPhase section */

/* Begin XCBuildConfiguration section */
		48DA10522681781700A3D537 /* Debug */ = {
			isa = XCBuildConfiguration;
			buildSettings = {
				ALWAYS_SEARCH_USER_PATHS = NO;
				CLANG_ANALYZER_NONNULL = YES;
				CLANG_ANALYZER_NUMBER_OBJECT_CONVERSION = YES_AGGRESSIVE;
				CLANG_CXX_LANGUAGE_STANDARD = "gnu++14";
				CLANG_CXX_LIBRARY = "libc++";
				CLANG_ENABLE_MODULES = YES;
				CLANG_ENABLE_OBJC_ARC = YES;
				CLANG_ENABLE_OBJC_WEAK = YES;
				CLANG_WARN_BLOCK_CAPTURE_AUTORELEASING = YES;
				CLANG_WARN_BOOL_CONVERSION = YES;
				CLANG_WARN_COMMA = YES;
				CLANG_WARN_CONSTANT_CONVERSION = YES;
				CLANG_WARN_DEPRECATED_OBJC_IMPLEMENTATIONS = YES;
				CLANG_WARN_DIRECT_OBJC_ISA_USAGE = YES_ERROR;
				CLANG_WARN_DOCUMENTATION_COMMENTS = YES;
				CLANG_WARN_EMPTY_BODY = YES;
				CLANG_WARN_ENUM_CONVERSION = YES;
				CLANG_WARN_INFINITE_RECURSION = YES;
				CLANG_WARN_INT_CONVERSION = YES;
				CLANG_WARN_NON_LITERAL_NULL_CONVERSION = YES;
				CLANG_WARN_OBJC_IMPLICIT_RETAIN_SELF = YES;
				CLANG_WARN_OBJC_LITERAL_CONVERSION = YES;
				CLANG_WARN_OBJC_ROOT_CLASS = YES_ERROR;
				CLANG_WARN_QUOTED_INCLUDE_IN_FRAMEWORK_HEADER = YES;
				CLANG_WARN_RANGE_LOOP_ANALYSIS = YES;
				CLANG_WARN_STRICT_PROTOTYPES = YES;
				CLANG_WARN_SUSPICIOUS_MOVE = YES;
				CLANG_WARN_UNGUARDED_AVAILABILITY = YES_AGGRESSIVE;
				CLANG_WARN_UNREACHABLE_CODE = YES;
				CLANG_WARN__DUPLICATE_METHOD_MATCH = YES;
				COPY_PHASE_STRIP = NO;
				DEBUG_INFORMATION_FORMAT = dwarf;
				ENABLE_STRICT_OBJC_MSGSEND = YES;
				ENABLE_TESTABILITY = YES;
				GCC_C_LANGUAGE_STANDARD = gnu11;
				GCC_DYNAMIC_NO_PIC = NO;
				GCC_NO_COMMON_BLOCKS = YES;
				GCC_OPTIMIZATION_LEVEL = 0;
				GCC_PREPROCESSOR_DEFINITIONS = (
					"DEBUG=1",
					"$(inherited)",
				);
				GCC_WARN_64_TO_32_BIT_CONVERSION = YES;
				GCC_WARN_ABOUT_RETURN_TYPE = YES_ERROR;
				GCC_WARN_UNDECLARED_SELECTOR = YES;
				GCC_WARN_UNINITIALIZED_AUTOS = YES_AGGRESSIVE;
				GCC_WARN_UNUSED_FUNCTION = YES;
				GCC_WARN_UNUSED_VARIABLE = YES;
				MACOSX_DEPLOYMENT_TARGET = 11.3;
				MTL_ENABLE_DEBUG_INFO = INCLUDE_SOURCE;
				MTL_FAST_MATH = YES;
				ONLY_ACTIVE_ARCH = YES;
				SDKROOT = macosx;
				SWIFT_ACTIVE_COMPILATION_CONDITIONS = DEBUG;
				SWIFT_OPTIMIZATION_LEVEL = "-Onone";
			};
			name = Debug;
		};
		48DA10532681781700A3D537 /* Release */ = {
			isa = XCBuildConfiguration;
			buildSettings = {
				ALWAYS_SEARCH_USER_PATHS = NO;
				CLANG_ANALYZER_NONNULL = YES;
				CLANG_ANALYZER_NUMBER_OBJECT_CONVERSION = YES_AGGRESSIVE;
				CLANG_CXX_LANGUAGE_STANDARD = "gnu++14";
				CLANG_CXX_LIBRARY = "libc++";
				CLANG_ENABLE_MODULES = YES;
				CLANG_ENABLE_OBJC_ARC = YES;
				CLANG_ENABLE_OBJC_WEAK = YES;
				CLANG_WARN_BLOCK_CAPTURE_AUTORELEASING = YES;
				CLANG_WARN_BOOL_CONVERSION = YES;
				CLANG_WARN_COMMA = YES;
				CLANG_WARN_CONSTANT_CONVERSION = YES;
				CLANG_WARN_DEPRECATED_OBJC_IMPLEMENTATIONS = YES;
				CLANG_WARN_DIRECT_OBJC_ISA_USAGE = YES_ERROR;
				CLANG_WARN_DOCUMENTATION_COMMENTS = YES;
				CLANG_WARN_EMPTY_BODY = YES;
				CLANG_WARN_ENUM_CONVERSION = YES;
				CLANG_WARN_INFINITE_RECURSION = YES;
				CLANG_WARN_INT_CONVERSION = YES;
				CLANG_WARN_NON_LITERAL_NULL_CONVERSION = YES;
				CLANG_WARN_OBJC_IMPLICIT_RETAIN_SELF = YES;
				CLANG_WARN_OBJC_LITERAL_CONVERSION = YES;
				CLANG_WARN_OBJC_ROOT_CLASS = YES_ERROR;
				CLANG_WARN_QUOTED_INCLUDE_IN_FRAMEWORK_HEADER = YES;
				CLANG_WARN_RANGE_LOOP_ANALYSIS = YES;
				CLANG_WARN_STRICT_PROTOTYPES = YES;
				CLANG_WARN_SUSPICIOUS_MOVE = YES;
				CLANG_WARN_UNGUARDED_AVAILABILITY = YES_AGGRESSIVE;
				CLANG_WARN_UNREACHABLE_CODE = YES;
				CLANG_WARN__DUPLICATE_METHOD_MATCH = YES;
				COPY_PHASE_STRIP = NO;
				DEBUG_INFORMATION_FORMAT = "dwarf-with-dsym";
				ENABLE_NS_ASSERTIONS = NO;
				ENABLE_STRICT_OBJC_MSGSEND = YES;
				GCC_C_LANGUAGE_STANDARD = gnu11;
				GCC_NO_COMMON_BLOCKS = YES;
				GCC_WARN_64_TO_32_BIT_CONVERSION = YES;
				GCC_WARN_ABOUT_RETURN_TYPE = YES_ERROR;
				GCC_WARN_UNDECLARED_SELECTOR = YES;
				GCC_WARN_UNINITIALIZED_AUTOS = YES_AGGRESSIVE;
				GCC_WARN_UNUSED_FUNCTION = YES;
				GCC_WARN_UNUSED_VARIABLE = YES;
				MACOSX_DEPLOYMENT_TARGET = 11.3;
				MTL_ENABLE_DEBUG_INFO = NO;
				MTL_FAST_MATH = YES;
				SDKROOT = macosx;
				SWIFT_COMPILATION_MODE = wholemodule;
				SWIFT_OPTIMIZATION_LEVEL = "-O";
			};
			name = Release;
		};
		48DA10552681781700A3D537 /* Debug */ = {
			isa = XCBuildConfiguration;
			buildSettings = {
				ASSETCATALOG_COMPILER_APPICON_NAME = AppIcon;
				ASSETCATALOG_COMPILER_GLOBAL_ACCENT_COLOR_NAME = AccentColor;
				CODE_SIGN_ENTITLEMENTS = InputSourceSwitcher/macOS/InputSourceSwitcher.entitlements;
				CODE_SIGN_IDENTITY = "-";
				CODE_SIGN_STYLE = Automatic;
				COMBINE_HIDPI_IMAGES = YES;
				DEVELOPMENT_ASSET_PATHS = "\"InputSourceSwitcher/Preview Content\"";
				DEVELOPMENT_TEAM = C4W6UUH267;
				ENABLE_HARDENED_RUNTIME = YES;
				ENABLE_PREVIEWS = YES;
				INFOPLIST_FILE = InputSourceSwitcher/macOS/Info.plist;
				LD_RUNPATH_SEARCH_PATHS = (
					"$(inherited)",
					"@executable_path/../Frameworks",
				);
				MACOSX_DEPLOYMENT_TARGET = 11.0;
				PRODUCT_BUNDLE_IDENTIFIER = com.yangxijie.SourceSwitcher;
				PRODUCT_NAME = "$(TARGET_NAME)";
				SWIFT_VERSION = 5.0;
			};
			name = Debug;
		};
		48DA10562681781700A3D537 /* Release */ = {
			isa = XCBuildConfiguration;
			buildSettings = {
				ASSETCATALOG_COMPILER_APPICON_NAME = AppIcon;
				ASSETCATALOG_COMPILER_GLOBAL_ACCENT_COLOR_NAME = AccentColor;
				CODE_SIGN_ENTITLEMENTS = InputSourceSwitcher/macOS/InputSourceSwitcher.entitlements;
				CODE_SIGN_IDENTITY = "-";
				CODE_SIGN_STYLE = Automatic;
				COMBINE_HIDPI_IMAGES = YES;
				DEVELOPMENT_ASSET_PATHS = "\"InputSourceSwitcher/Preview Content\"";
				DEVELOPMENT_TEAM = C4W6UUH267;
				ENABLE_HARDENED_RUNTIME = YES;
				ENABLE_PREVIEWS = YES;
				INFOPLIST_FILE = InputSourceSwitcher/macOS/Info.plist;
				LD_RUNPATH_SEARCH_PATHS = (
					"$(inherited)",
					"@executable_path/../Frameworks",
				);
				MACOSX_DEPLOYMENT_TARGET = 11.0;
				PRODUCT_BUNDLE_IDENTIFIER = com.yangxijie.SourceSwitcher;
				PRODUCT_NAME = "$(TARGET_NAME)";
				SWIFT_VERSION = 5.0;
			};
			name = Release;
		};
/* End XCBuildConfiguration section */

/* Begin XCConfigurationList section */
		48DA103F2681781500A3D537 /* Build configuration list for PBXProject "InputSourceSwitcher" */ = {
			isa = XCConfigurationList;
			buildConfigurations = (
				48DA10522681781700A3D537 /* Debug */,
				48DA10532681781700A3D537 /* Release */,
			);
			defaultConfigurationIsVisible = 0;
			defaultConfigurationName = Release;
		};
		48DA10542681781700A3D537 /* Build configuration list for PBXNativeTarget "Source Switcher" */ = {
			isa = XCConfigurationList;
			buildConfigurations = (
				48DA10552681781700A3D537 /* Debug */,
				48DA10562681781700A3D537 /* Release */,
			);
			defaultConfigurationIsVisible = 0;
			defaultConfigurationName = Release;
		};
/* End XCConfigurationList section */

/* Begin XCRemoteSwiftPackageReference section */
		48462E2C2681F871006DB779 /* XCRemoteSwiftPackageReference "KeyboardShortcuts" */ = {
			isa = XCRemoteSwiftPackageReference;
			repositoryURL = "https://github.com/sindresorhus/KeyboardShortcuts";
			requirement = {
				kind = upToNextMajorVersion;
				minimumVersion = 1.2.0;
			};
		};
/* End XCRemoteSwiftPackageReference section */

/* Begin XCSwiftPackageProductDependency section */
		48462E2D2681F871006DB779 /* KeyboardShortcuts */ = {
			isa = XCSwiftPackageProductDependency;
			package = 48462E2C2681F871006DB779 /* XCRemoteSwiftPackageReference "KeyboardShortcuts" */;
			productName = KeyboardShortcuts;
		};
/* End XCSwiftPackageProductDependency section */
	};
	rootObject = 48DA103C2681781500A3D537 /* Project object */;
}
